# This file is generated by running "yarn install" inside your project.
# Manual changes might be lost - proceed with caution!

__metadata:
  version: 8
  cacheKey: 10c0

"@alcalzone/ansi-tokenize@npm:^0.2.0":
  version: 0.2.0
  resolution: "@alcalzone/ansi-tokenize@npm:0.2.0"
  dependencies:
    ansi-styles: "npm:^6.2.1"
    is-fullwidth-code-point: "npm:^5.0.0"
  checksum: 10c0/e738b0fb625d48515f4e5ffd19ffa06b96d20287fc10421d0c76c01022c37bdd0300be635ebe70212ec2c34f8eb96c9979ecb38e2a45f277c3255f3b193bf826
  languageName: node
  linkType: hard

"@kwsites/file-exists@npm:^1.1.1":
  version: 1.1.1
  resolution: "@kwsites/file-exists@npm:1.1.1"
  dependencies:
    debug: "npm:^4.1.1"
  checksum: 10c0/39e693239a72ccd8408bb618a0200e4a8d61682057ca7ae2c87668d7e69196e8d7e2c9cde73db6b23b3b0230169a15e5f1bfe086539f4be43e767b2db68e8ee4
  languageName: node
  linkType: hard

"@kwsites/promise-deferred@npm:^1.1.1":
  version: 1.1.1
  resolution: "@kwsites/promise-deferred@npm:1.1.1"
  checksum: 10c0/ef1ad3f1f50991e3bed352b175986d8b4bc684521698514a2ed63c1d1fc9848843da4f2bc2df961c9b148c94e1c34bf33f0da8a90ba2234e452481f2cc9937b1
  languageName: node
  linkType: hard

"@types/node@npm:^24.7.2":
  version: 24.7.2
  resolution: "@types/node@npm:24.7.2"
  dependencies:
    undici-types: "npm:~7.14.0"
  checksum: 10c0/03f662f10e4b89bc97016e067101cbabe55025b54c24afb581fb50992d5eeaaf417bdae34bbc668ae8759d3cdbbbadf35fc8b9b29d26f52ede2525d48e919e49
  languageName: node
  linkType: hard

"@types/react@npm:^19.2.2":
  version: 19.2.2
  resolution: "@types/react@npm:19.2.2"
  dependencies:
    csstype: "npm:^3.0.2"
  checksum: 10c0/f830b1204aca4634ce3c6cb3477b5d3d066b80a4dd832a4ee0069acb504b6debd2416548a43a11c1407c12bc60e2dc6cf362934a18fe75fe06a69c0a98cba8ab
  languageName: node
  linkType: hard

"ansi-escapes@npm:^7.0.0":
  version: 7.1.1
  resolution: "ansi-escapes@npm:7.1.1"
  dependencies:
    environment: "npm:^1.0.0"
  checksum: 10c0/6014258af7f606f1d98192c6b8815f83d9f45e43613a985b7e86b176534329c9d75ca3db15710c3e354cede940c729d6906613d5861aa0b151d7d186d8f97f29
  languageName: node
  linkType: hard

"ansi-regex@npm:^6.0.1":
  version: 6.2.2
  resolution: "ansi-regex@npm:6.2.2"
  checksum: 10c0/05d4acb1d2f59ab2cf4b794339c7b168890d44dda4bf0ce01152a8da0213aca207802f930442ce8cd22d7a92f44907664aac6508904e75e038fa944d2601b30f
  languageName: node
  linkType: hard

"ansi-styles@npm:^6.0.0, ansi-styles@npm:^6.2.1":
  version: 6.2.3
  resolution: "ansi-styles@npm:6.2.3"
  checksum: 10c0/23b8a4ce14e18fb854693b95351e286b771d23d8844057ed2e7d083cd3e708376c3323707ec6a24365f7d7eda3ca00327fe04092e29e551499ec4c8b7bfac868
  languageName: node
  linkType: hard

"auto-bind@npm:^5.0.1":
  version: 5.0.1
  resolution: "auto-bind@npm:5.0.1"
  checksum: 10c0/a703375350ea7b6e92405d8e6bcc6dbfb84b0d7c7172b33e5788a7593929a18227999ff9aa9c32436741d06d021e6672457b1cec73287efe3fab95cff6627eaf
  languageName: node
  linkType: hard

"chalk@npm:^5.6.0, chalk@npm:^5.6.2":
  version: 5.6.2
  resolution: "chalk@npm:5.6.2"
  checksum: 10c0/99a4b0f0e7991796b1e7e3f52dceb9137cae2a9dfc8fc0784a550dc4c558e15ab32ed70b14b21b52beb2679b4892b41a0aa44249bcb996f01e125d58477c6976
  languageName: node
  linkType: hard

"cli-boxes@npm:^3.0.0":
  version: 3.0.0
  resolution: "cli-boxes@npm:3.0.0"
  checksum: 10c0/4db3e8fbfaf1aac4fb3a6cbe5a2d3fa048bee741a45371b906439b9ffc821c6e626b0f108bdcd3ddf126a4a319409aedcf39a0730573ff050fdd7b6731e99fb9
  languageName: node
  linkType: hard

"cli-cursor@npm:^4.0.0":
  version: 4.0.0
  resolution: "cli-cursor@npm:4.0.0"
  dependencies:
    restore-cursor: "npm:^4.0.0"
  checksum: 10c0/e776e8c3c6727300d0539b0d25160b2bb56aed1a63942753ba1826b012f337a6f4b7ace3548402e4f2f13b5e16bfd751be672c44b203205e7eca8be94afec42c
  languageName: node
  linkType: hard

"cli-truncate@npm:^4.0.0":
  version: 4.0.0
  resolution: "cli-truncate@npm:4.0.0"
  dependencies:
    slice-ansi: "npm:^5.0.0"
    string-width: "npm:^7.0.0"
  checksum: 10c0/d7f0b73e3d9b88cb496e6c086df7410b541b56a43d18ade6a573c9c18bd001b1c3fba1ad578f741a4218fdc794d042385f8ac02c25e1c295a2d8b9f3cb86eb4c
  languageName: node
  linkType: hard

"code-excerpt@npm:^4.0.0":
  version: 4.0.0
  resolution: "code-excerpt@npm:4.0.0"
  dependencies:
    convert-to-spaces: "npm:^2.0.1"
  checksum: 10c0/b6c5a06e039cecd2ab6a0e10ee0831de8362107d1f298ca3558b5f9004cb8e0260b02dd6c07f57b9a0e346c76864d2873311ee1989809fdeb05bd5fbbadde773
  languageName: node
  linkType: hard

"convert-to-spaces@npm:^2.0.1":
  version: 2.0.1
  resolution: "convert-to-spaces@npm:2.0.1"
  checksum: 10c0/d90aa0e3b6a27f9d5265a8d32def3c5c855b3e823a9db1f26d772f8146d6b91020a2fdfd905ce8048a73fad3aaf836fef8188c67602c374405e2ae8396c4ac46
  languageName: node
  linkType: hard

"csstype@npm:^3.0.2":
  version: 3.1.3
  resolution: "csstype@npm:3.1.3"
  checksum: 10c0/80c089d6f7e0c5b2bd83cf0539ab41474198579584fa10d86d0cafe0642202343cbc119e076a0b1aece191989477081415d66c9fefbf3c957fc2fc4b7009f248
  languageName: node
  linkType: hard

"debug@npm:^4.1.1, debug@npm:^4.4.0":
  version: 4.4.3
  resolution: "debug@npm:4.4.3"
  dependencies:
    ms: "npm:^2.1.3"
  peerDependenciesMeta:
    supports-color:
      optional: true
  checksum: 10c0/d79136ec6c83ecbefd0f6a5593da6a9c91ec4d7ddc4b54c883d6e71ec9accb5f67a1a5e96d00a328196b5b5c86d365e98d8a3a70856aaf16b4e7b1985e67f5a6
  languageName: node
  linkType: hard

"emoji-regex@npm:^10.3.0":
  version: 10.6.0
  resolution: "emoji-regex@npm:10.6.0"
  checksum: 10c0/1e4aa097bb007301c3b4b1913879ae27327fdc48e93eeefefe3b87e495eb33c5af155300be951b4349ff6ac084f4403dc9eff970acba7c1c572d89396a9a32d7
  languageName: node
  linkType: hard

"environment@npm:^1.0.0":
  version: 1.1.0
  resolution: "environment@npm:1.1.0"
  checksum: 10c0/fb26434b0b581ab397039e51ff3c92b34924a98b2039dcb47e41b7bca577b9dbf134a8eadb364415c74464b682e2d3afe1a4c0eb9873dc44ea814c5d3103331d
  languageName: node
  linkType: hard

"es-toolkit@npm:^1.39.10":
  version: 1.40.0
  resolution: "es-toolkit@npm:1.40.0"
  dependenciesMeta:
    "@trivago/prettier-plugin-sort-imports@4.3.0":
      unplugged: true
    prettier-plugin-sort-re-exports@0.0.1:
      unplugged: true
  checksum: 10c0/c08ce0d9d9688827e5f2b31da5957dfe6b374c4e43e8880a2262053e905893a0b9242975b23ada886fe09889600674a82f04961635efb3d4d1dd6ff6dc0fe445
  languageName: node
  linkType: hard

"escape-string-regexp@npm:^2.0.0":
  version: 2.0.0
  resolution: "escape-string-regexp@npm:2.0.0"
  checksum: 10c0/2530479fe8db57eace5e8646c9c2a9c80fa279614986d16dcc6bcaceb63ae77f05a851ba6c43756d816c61d7f4534baf56e3c705e3e0d884818a46808811c507
  languageName: node
  linkType: hard

"get-east-asian-width@npm:^1.0.0, get-east-asian-width@npm:^1.3.1":
  version: 1.4.0
  resolution: "get-east-asian-width@npm:1.4.0"
  checksum: 10c0/4e481d418e5a32061c36fbb90d1b225a254cc5b2df5f0b25da215dcd335a3c111f0c2023ffda43140727a9cafb62dac41d022da82c08f31083ee89f714ee3b83
  languageName: node
  linkType: hard

"indent-string@npm:^5.0.0":
  version: 5.0.0
  resolution: "indent-string@npm:5.0.0"
  checksum: 10c0/8ee77b57d92e71745e133f6f444d6fa3ed503ad0e1bcd7e80c8da08b42375c07117128d670589725ed07b1978065803fa86318c309ba45415b7fe13e7f170220
  languageName: node
  linkType: hard

"ink@npm:^6.3.1":
  version: 6.3.1
  resolution: "ink@npm:6.3.1"
  dependencies:
    "@alcalzone/ansi-tokenize": "npm:^0.2.0"
    ansi-escapes: "npm:^7.0.0"
    ansi-styles: "npm:^6.2.1"
    auto-bind: "npm:^5.0.1"
    chalk: "npm:^5.6.0"
    cli-boxes: "npm:^3.0.0"
    cli-cursor: "npm:^4.0.0"
    cli-truncate: "npm:^4.0.0"
    code-excerpt: "npm:^4.0.0"
    es-toolkit: "npm:^1.39.10"
    indent-string: "npm:^5.0.0"
    is-in-ci: "npm:^2.0.0"
    patch-console: "npm:^2.0.0"
    react-reconciler: "npm:^0.32.0"
    signal-exit: "npm:^3.0.7"
    slice-ansi: "npm:^7.1.0"
    stack-utils: "npm:^2.0.6"
    string-width: "npm:^7.2.0"
    type-fest: "npm:^4.27.0"
    widest-line: "npm:^5.0.0"
    wrap-ansi: "npm:^9.0.0"
    ws: "npm:^8.18.0"
    yoga-layout: "npm:~3.2.1"
  peerDependencies:
    "@types/react": ">=19.0.0"
    react: ">=19.0.0"
    react-devtools-core: ^6.1.2
  peerDependenciesMeta:
    "@types/react":
      optional: true
    react-devtools-core:
      optional: true
  checksum: 10c0/02f07f7f820662decbb57996de840fe7681bd4183a2e6a4bb4eb82f1e00ea4189c558b0edb0018a390c37b4ee9f63e8d18e9102ce96df6dcf2bf42fb8af81e25
  languageName: node
  linkType: hard

"is-fullwidth-code-point@npm:^4.0.0":
  version: 4.0.0
  resolution: "is-fullwidth-code-point@npm:4.0.0"
  checksum: 10c0/df2a717e813567db0f659c306d61f2f804d480752526886954a2a3e2246c7745fd07a52b5fecf2b68caf0a6c79dcdace6166fdf29cc76ed9975cc334f0a018b8
  languageName: node
  linkType: hard

"is-fullwidth-code-point@npm:^5.0.0":
  version: 5.1.0
  resolution: "is-fullwidth-code-point@npm:5.1.0"
  dependencies:
    get-east-asian-width: "npm:^1.3.1"
  checksum: 10c0/c1172c2e417fb73470c56c431851681591f6a17233603a9e6f94b7ba870b2e8a5266506490573b607fb1081318589372034aa436aec07b465c2029c0bc7f07a4
  languageName: node
  linkType: hard

"is-in-ci@npm:^2.0.0":
  version: 2.0.0
  resolution: "is-in-ci@npm:2.0.0"
  bin:
    is-in-ci: cli.js
  checksum: 10c0/1e1d1056939a681e8206035de5ad84e0404556eaa7622bb55f0f1868b9788bff3df427bc0b1ed5a172623154a90fcb1e759a230817cd73d09435543ae3c71feb
  languageName: node
  linkType: hard

"mimic-fn@npm:^2.1.0":
  version: 2.1.0
  resolution: "mimic-fn@npm:2.1.0"
  checksum: 10c0/b26f5479d7ec6cc2bce275a08f146cf78f5e7b661b18114e2506dd91ec7ec47e7a25bf4360e5438094db0560bcc868079fb3b1fb3892b833c1ecbf63f80c95a4
  languageName: node
  linkType: hard

"ms@npm:^2.1.3":
  version: 2.1.3
  resolution: "ms@npm:2.1.3"
  checksum: 10c0/d924b57e7312b3b63ad21fc5b3dc0af5e78d61a1fc7cfb5457edaf26326bf62be5307cc87ffb6862ef1c2b33b0233cdb5d4f01c4c958cc0d660948b65a287a48
  languageName: node
  linkType: hard

"onetime@npm:^5.1.0":
  version: 5.1.2
  resolution: "onetime@npm:5.1.2"
  dependencies:
    mimic-fn: "npm:^2.1.0"
  checksum: 10c0/ffcef6fbb2692c3c40749f31ea2e22677a876daea92959b8a80b521d95cca7a668c884d8b2045d1d8ee7d56796aa405c405462af112a1477594cc63531baeb8f
  languageName: node
  linkType: hard

"patch-console@npm:^2.0.0":
  version: 2.0.0
  resolution: "patch-console@npm:2.0.0"
  checksum: 10c0/486602591a0af7af8d4c76d8eea42cad32b6de7200488819c6383c75e43733ca7bdc80e30f2e68ce05f06a1607cce1683a1706c6672ca27dada1921b366e8f1c
  languageName: node
  linkType: hard

"react-reconciler@npm:^0.32.0":
  version: 0.32.0
  resolution: "react-reconciler@npm:0.32.0"
  dependencies:
    scheduler: "npm:^0.26.0"
  peerDependencies:
    react: ^19.1.0
  checksum: 10c0/ace0562d2aa99685416ac62741354706dec6df334aa64acc7ad455bd8a6f6af0068b276ad2e5412c3875388022ab13807f0b7d688fda7b2835301c110247146b
  languageName: node
  linkType: hard

"react@npm:^19.2.0":
  version: 19.2.0
  resolution: "react@npm:19.2.0"
  checksum: 10c0/1b6d64eacb9324725bfe1e7860cb7a6b8a34bc89a482920765ebff5c10578eb487e6b46b2f0df263bd27a25edbdae2c45e5ea5d81ae61404301c1a7192c38330
  languageName: node
  linkType: hard

"restore-cursor@npm:^4.0.0":
  version: 4.0.0
  resolution: "restore-cursor@npm:4.0.0"
  dependencies:
    onetime: "npm:^5.1.0"
    signal-exit: "npm:^3.0.2"
  checksum: 10c0/6f7da8c5e422ac26aa38354870b1afac09963572cf2879443540449068cb43476e9cbccf6f8de3e0171e0d6f7f533c2bc1a0a008003c9a525bbc098e89041318
  languageName: node
  linkType: hard

"rosella-cli@workspace:.":
  version: 0.0.0-use.local
  resolution: "rosella-cli@workspace:."
  dependencies:
    "@types/node": "npm:^24.7.2"
    "@types/react": "npm:^19.2.2"
    chalk: "npm:^5.6.2"
    ink: "npm:^6.3.1"
    react: "npm:^19.2.0"
    simple-git: "npm:^3.28.0"
    typescript: "npm:^5.9.3"
  bin:
    rosella: dist/index.js
  languageName: unknown
  linkType: soft

"scheduler@npm:^0.26.0":
  version: 0.26.0
  resolution: "scheduler@npm:0.26.0"
  checksum: 10c0/5b8d5bfddaae3513410eda54f2268e98a376a429931921a81b5c3a2873aab7ca4d775a8caac5498f8cbc7d0daeab947cf923dbd8e215d61671f9f4e392d34356
  languageName: node
  linkType: hard

"signal-exit@npm:^3.0.2, signal-exit@npm:^3.0.7":
  version: 3.0.7
  resolution: "signal-exit@npm:3.0.7"
  checksum: 10c0/25d272fa73e146048565e08f3309d5b942c1979a6f4a58a8c59d5fa299728e9c2fcd1a759ec870863b1fd38653670240cd420dad2ad9330c71f36608a6a1c912
  languageName: node
  linkType: hard

"simple-git@npm:^3.28.0":
  version: 3.28.0
  resolution: "simple-git@npm:3.28.0"
  dependencies:
    "@kwsites/file-exists": "npm:^1.1.1"
    "@kwsites/promise-deferred": "npm:^1.1.1"
    debug: "npm:^4.4.0"
  checksum: 10c0/d78b8f5884967513efa3d3ee419be421207367c65b680ee45f4c9571f909ba89933ffa27d6d7972fbb759bb30b00e435e35ade2b9e788661feb996da6f461932
  languageName: node
  linkType: hard

"slice-ansi@npm:^5.0.0":
  version: 5.0.0
  resolution: "slice-ansi@npm:5.0.0"
  dependencies:
    ansi-styles: "npm:^6.0.0"
    is-fullwidth-code-point: "npm:^4.0.0"
  checksum: 10c0/2d4d40b2a9d5cf4e8caae3f698fe24ae31a4d778701724f578e984dcb485ec8c49f0c04dab59c401821e80fcdfe89cace9c66693b0244e40ec485d72e543914f
  languageName: node
  linkType: hard

"slice-ansi@npm:^7.1.0":
  version: 7.1.2
  resolution: "slice-ansi@npm:7.1.2"
  dependencies:
    ansi-styles: "npm:^6.2.1"
    is-fullwidth-code-point: "npm:^5.0.0"
  checksum: 10c0/36742f2eb0c03e2e81a38ed14d13a64f7b732fe38c3faf96cce0599788a345011e840db35f1430ca606ea3f8db2abeb92a8d25c2753a819e3babaa10c2e289a2
  languageName: node
  linkType: hard

"stack-utils@npm:^2.0.6":
  version: 2.0.6
  resolution: "stack-utils@npm:2.0.6"
  dependencies:
    escape-string-regexp: "npm:^2.0.0"
  checksum: 10c0/651c9f87667e077584bbe848acaecc6049bc71979f1e9a46c7b920cad4431c388df0f51b8ad7cfd6eed3db97a2878d0fc8b3122979439ea8bac29c61c95eec8a
  languageName: node
  linkType: hard

"string-width@npm:^7.0.0, string-width@npm:^7.2.0":
  version: 7.2.0
  resolution: "string-width@npm:7.2.0"
  dependencies:
    emoji-regex: "npm:^10.3.0"
    get-east-asian-width: "npm:^1.0.0"
    strip-ansi: "npm:^7.1.0"
  checksum: 10c0/eb0430dd43f3199c7a46dcbf7a0b34539c76fe3aa62763d0b0655acdcbdf360b3f66f3d58ca25ba0205f42ea3491fa00f09426d3b7d3040e506878fc7664c9b9
  languageName: node
  linkType: hard

"strip-ansi@npm:^7.1.0":
  version: 7.1.2
  resolution: "strip-ansi@npm:7.1.2"
  dependencies:
    ansi-regex: "npm:^6.0.1"
  checksum: 10c0/0d6d7a023de33368fd042aab0bf48f4f4077abdfd60e5393e73c7c411e85e1b3a83507c11af2e656188511475776215df9ca589b4da2295c9455cc399ce1858b
  languageName: node
  linkType: hard

"type-fest@npm:^4.27.0":
  version: 4.41.0
  resolution: "type-fest@npm:4.41.0"
  checksum: 10c0/f5ca697797ed5e88d33ac8f1fec21921839871f808dc59345c9cf67345bfb958ce41bd821165dbf3ae591cedec2bf6fe8882098dfdd8dc54320b859711a2c1e4
  languageName: node
  linkType: hard

"typescript@npm:^5.9.3":
  version: 5.9.3
  resolution: "typescript@npm:5.9.3"
  bin:
    tsc: bin/tsc
    tsserver: bin/tsserver
  checksum: 10c0/6bd7552ce39f97e711db5aa048f6f9995b53f1c52f7d8667c1abdc1700c68a76a308f579cd309ce6b53646deb4e9a1be7c813a93baaf0a28ccd536a30270e1c5
  languageName: node
  linkType: hard

"typescript@patch:typescript@npm%3A^5.9.3#optional!builtin<compat/typescript>":
  version: 5.9.3
  resolution: "typescript@patch:typescript@npm%3A5.9.3#optional!builtin<compat/typescript>::version=5.9.3&hash=5786d5"
  bin:
    tsc: bin/tsc
    tsserver: bin/tsserver
  checksum: 10c0/ad09fdf7a756814dce65bc60c1657b40d44451346858eea230e10f2e95a289d9183b6e32e5c11e95acc0ccc214b4f36289dcad4bf1886b0adb84d711d336a430
  languageName: node
  linkType: hard

"undici-types@npm:~7.14.0":
  version: 7.14.0
  resolution: "undici-types@npm:7.14.0"
  checksum: 10c0/e7f3214b45d788f03c51ceb33817be99c65dae203863aa9386b3ccc47201a245a7955fc721fb581da9c888b6ebad59fa3f53405214afec04c455a479908f0f14
  languageName: node
  linkType: hard

"widest-line@npm:^5.0.0":
  version: 5.0.0
  resolution: "widest-line@npm:5.0.0"
  dependencies:
    string-width: "npm:^7.0.0"
  checksum: 10c0/6bd6cca8cda502ef50e05353fd25de0df8c704ffc43ada7e0a9cf9a5d4f4e12520485d80e0b77cec8a21f6c3909042fcf732aa9281e5dbb98cc9384a138b2578
  languageName: node
  linkType: hard

"wrap-ansi@npm:^9.0.0":
  version: 9.0.2
  resolution: "wrap-ansi@npm:9.0.2"
  dependencies:
    ansi-styles: "npm:^6.2.1"
    string-width: "npm:^7.0.0"
    strip-ansi: "npm:^7.1.0"
  checksum: 10c0/3305839b9a0d6fb930cb63a52f34d3936013d8b0682ff3ec133c9826512620f213800ffa19ea22904876d5b7e9a3c1f40682f03597d986a4ca881fa7b033688c
  languageName: node
  linkType: hard

"ws@npm:^8.18.0":
  version: 8.18.3
  resolution: "ws@npm:8.18.3"
  peerDependencies:
    bufferutil: ^4.0.1
    utf-8-validate: ">=5.0.2"
  peerDependenciesMeta:
    bufferutil:
      optional: true
    utf-8-validate:
      optional: true
  checksum: 10c0/eac918213de265ef7cb3d4ca348b891a51a520d839aa51cdb8ca93d4fa7ff9f6ccb339ccee89e4075324097f0a55157c89fa3f7147bde9d8d7e90335dc087b53
  languageName: node
  linkType: hard

"yoga-layout@npm:~3.2.1":
  version: 3.2.1
  resolution: "yoga-layout@npm:3.2.1"
  checksum: 10c0/9001e51be993c85e03757e5a04a2b61b8b30c9e5a7865d0156ca87a6431a3b717d51eb4990bfe588189fcfeac688dd9c3de707bbd50d1c344a84e63974cc54a8
  languageName: node
  linkType: hard
